{
  "name": "vscode-typescript-next",
  "version": "3.8.20191213",
  "lockfileVersion": 1,
  "requires": true,
  "dependencies": {
    "@types/node": {
      "version": "12.0.7",
      "resolved": "https://registry.npmjs.org/@types/node/-/node-12.0.7.tgz",
      "integrity": "sha512-1YKeT4JitGgE4SOzyB9eMwO0nGVNkNEsm9qlIt1Lqm/tG2QEiSMTD4kS3aO6L+w5SClLVxALmIBESK6Mk5wX0A==",
      "dev": true
    },
    "typescript": {
      "version": "3.8.0-dev.20191214",
      "resolved": "https://registry.npmjs.org/typescript/-/typescript-3.8.0-dev.20191214.tgz",
      "integrity": "sha512-JOZy5zal8B7INcewbvXY5hxf7lCflgWs8twStnVmRoHY70OC6ar7A+MpozX9jsxaycSSErBZ5YCPOjIt9/SDFA=="
    }
  }
}
