{
  "name": "vscode-typescript-next",
  "version": "4.0.20200623",
  "lockfileVersion": 1,
  "requires": true,
  "dependencies": {
    "@types/node": {
      "version": "12.0.7",
      "resolved": "https://registry.npmjs.org/@types/node/-/node-12.0.7.tgz",
      "integrity": "sha512-1YKeT4JitGgE4SOzyB9eMwO0nGVNkNEsm9qlIt1Lqm/tG2QEiSMTD4kS3aO6L+w5SClLVxALmIBESK6Mk5wX0A==",
      "dev": true
    },
    "typescript": {
      "version": "4.0.0-dev.20200624",
      "resolved": "https://registry.npmjs.org/typescript/-/typescript-4.0.0-dev.20200624.tgz",
      "integrity": "sha512-I0M2pHvB8wxZthCzG2OlRofHggGOOtfFfCKLp0cVZxnnWlvKdRbIdnrXH/AZFbmChWzy5/l9mvNzAc+FTUn3EA=="
    }
  }
}
