{
  "name": "vscode-typescript-next",
  "version": "4.2.20210119",
  "lockfileVersion": 1,
  "requires": true,
  "dependencies": {
    "@types/node": {
      "version": "12.0.7",
      "resolved": "https://registry.npmjs.org/@types/node/-/node-12.0.7.tgz",
      "integrity": "sha512-1YKeT4JitGgE4SOzyB9eMwO0nGVNkNEsm9qlIt1Lqm/tG2QEiSMTD4kS3aO6L+w5SClLVxALmIBESK6Mk5wX0A==",
      "dev": true
    },
    "typescript": {
      "version": "4.2.0-dev.20210120",
      "resolved": "https://registry.npmjs.org/typescript/-/typescript-4.2.0-dev.20210120.tgz",
      "integrity": "sha512-ko+8fE1gUb7LlcfZVodyMJ5ErCkucpQ3ydkMxLelzPC14LAY/RQ+846hRGAyUBLF22J4di+/y4bvGwzXC+6o1Q=="
    }
  }
}
